// !$*UTF8*$!
{
	archiveVersion = 1;
	classes = {
	};
	objectVersion = 48;
	objects = {

/* Begin PBXBuildFile section */
		321305E91FDD625C004FCB48 /* playsoundsviewcontroller-audio.swift in Sources */ = {isa = PBXBuildFile; fileRef = 321305E81FDD625C004FCB48 /* playsoundsviewcontroller-audio.swift */; };
		328409E11FDC096E007E55F8 /* PlaySoundsViewController.swift in Sources */ = {isa = PBXBuildFile; fileRef = 328409E01FDC096E007E55F8 /* PlaySoundsViewController.swift */; };
		329668481FD81A2800746355 /* AppDelegate.swift in Sources */ = {isa = PBXBuildFile; fileRef = 329668471FD81A2800746355 /* AppDelegate.swift */; };
		3296684A1FD81A2800746355 /* RecordSoundsViewController.swift in Sources */ = {isa = PBXBuildFile; fileRef = 329668491FD81A2800746355 /* RecordSoundsViewController.swift */; };
		3296684D1FD81A2800746355 /* Main.storyboard in Resources */ = {isa = PBXBuildFile; fileRef = 3296684B1FD81A2800746355 /* Main.storyboard */; };
		3296684F1FD81A2800746355 /* Assets.xcassets in Resources */ = {isa = PBXBuildFile; fileRef = 3296684E1FD81A2800746355 /* Assets.xcassets */; };
		329668521FD81A2800746355 /* LaunchScreen.storyboard in Resources */ = {isa = PBXBuildFile; fileRef = 329668501FD81A2800746355 /* LaunchScreen.storyboard */; };
		3296685D1FD81A2800746355 /* pitchperfectTests.swift in Sources */ = {isa = PBXBuildFile; fileRef = 3296685C1FD81A2800746355 /* pitchperfectTests.swift */; };
		329668681FD81A2800746355 /* pitchperfectUITests.swift in Sources */ = {isa = PBXBuildFile; fileRef = 329668671FD81A2800746355 /* pitchperfectUITests.swift */; };
/* End PBXBuildFile section */

/* Begin PBXContainerItemProxy section */
		329668591FD81A2800746355 /* PBXContainerItemProxy */ = {
			isa = PBXContainerItemProxy;
			containerPortal = 3296683C1FD81A2800746355 /* Project object */;
			proxyType = 1;
			remoteGlobalIDString = 329668431FD81A2800746355;
			remoteInfo = pitchperfect;
		};
		329668641FD81A2800746355 /* PBXContainerItemProxy */ = {
			isa = PBXContainerItemProxy;
			containerPortal = 3296683C1FD81A2800746355 /* Project object */;
			proxyType = 1;
			remoteGlobalIDString = 329668431FD81A2800746355;
			remoteInfo = pitchperfect;
		};
/* End PBXContainerItemProxy section */

/* Begin PBXFileReference section */
		321305E81FDD625C004FCB48 /* playsoundsviewcontroller-audio.swift */ = {isa = PBXFileReference; fileEncoding = 4; lastKnownFileType = sourcecode.swift; path = "playsoundsviewcontroller-audio.swift"; sourceTree = "<group>"; };
		328409E01FDC096E007E55F8 /* PlaySoundsViewController.swift */ = {isa = PBXFileReference; lastKnownFileType = sourcecode.swift; path = PlaySoundsViewController.swift; sourceTree = "<group>"; };
		329668441FD81A2800746355 /* pitchperfect.app */ = {isa = PBXFileReference; explicitFileType = wrapper.application; includeInIndex = 0; path = pitchperfect.app; sourceTree = BUILT_PRODUCTS_DIR; };
		329668471FD81A2800746355 /* AppDelegate.swift */ = {isa = PBXFileReference; lastKnownFileType = sourcecode.swift; path = AppDelegate.swift; sourceTree = "<group>"; };
		329668491FD81A2800746355 /* RecordSoundsViewController.swift */ = {isa = PBXFileReference; lastKnownFileType = sourcecode.swift; path = RecordSoundsViewController.swift; sourceTree = "<group>"; };
		3296684C1FD81A2800746355 /* Base */ = {isa = PBXFileReference; lastKnownFileType = file.storyboard; name = Base; path = Base.lproj/Main.storyboard; sourceTree = "<group>"; };
		3296684E1FD81A2800746355 /* Assets.xcassets */ = {isa = PBXFileReference; lastKnownFileType = folder.assetcatalog; path = Assets.xcassets; sourceTree = "<group>"; };
		329668511FD81A2800746355 /* Base */ = {isa = PBXFileReference; lastKnownFileType = file.storyboard; name = Base; path = Base.lproj/LaunchScreen.storyboard; sourceTree = "<group>"; };
		329668531FD81A2800746355 /* Info.plist */ = {isa = PBXFileReference; lastKnownFileType = text.plist.xml; path = Info.plist; sourceTree = "<group>"; };
		329668581FD81A2800746355 /* pitchperfectTests.xctest */ = {isa = PBXFileReference; explicitFileType = wrapper.cfbundle; includeInIndex = 0; path = pitchperfectTests.xctest; sourceTree = BUILT_PRODUCTS_DIR; };
		3296685C1FD81A2800746355 /* pitchperfectTests.swift */ = {isa = PBXFileReference; lastKnownFileType = sourcecode.swift; path = pitchperfectTests.swift; sourceTree = "<group>"; };
		3296685E1FD81A2800746355 /* Info.plist */ = {isa = PBXFileReference; lastKnownFileType = text.plist.xml; path = Info.plist; sourceTree = "<group>"; };
		329668631FD81A2800746355 /* pitchperfectUITests.xctest */ = {isa = PBXFileReference; explicitFileType = wrapper.cfbundle; includeInIndex = 0; path = pitchperfectUITests.xctest; sourceTree = BUILT_PRODUCTS_DIR; };
		329668671FD81A2800746355 /* pitchperfectUITests.swift */ = {isa = PBXFileReference; lastKnownFileType = sourcecode.swift; path = pitchperfectUITests.swift; sourceTree = "<group>"; };
		329668691FD81A2800746355 /* Info.plist */ = {isa = PBXFileReference; lastKnownFileType = text.plist.xml; path = Info.plist; sourceTree = "<group>"; };
/* End PBXFileReference section */

/* Begin PBXFrameworksBuildPhase section */
		329668411FD81A2800746355 /* Frameworks */ = {
			isa = PBXFrameworksBuildPhase;
			buildActionMask = 2147483647;
			files = (
			);
			runOnlyForDeploymentPostprocessing = 0;
		};
		329668551FD81A2800746355 /* Frameworks */ = {
			isa = PBXFrameworksBuildPhase;
			buildActionMask = 2147483647;
			files = (
			);
			runOnlyForDeploymentPostprocessing = 0;
		};
		329668601FD81A2800746355 /* Frameworks */ = {
			isa = PBXFrameworksBuildPhase;
			buildActionMask = 2147483647;
			files = (
			);
			runOnlyForDeploymentPostprocessing = 0;
		};
/* End PBXFrameworksBuildPhase section */

/* Begin PBXGroup section */
		3296683B1FD81A2800746355 = {
			isa = PBXGroup;
			children = (
				329668461FD81A2800746355 /* pitchperfect */,
				3296685B1FD81A2800746355 /* pitchperfectTests */,
				329668661FD81A2800746355 /* pitchperfectUITests */,
				329668451FD81A2800746355 /* Products */,
			);
			sourceTree = "<group>";
		};
		329668451FD81A2800746355 /* Products */ = {
			isa = PBXGroup;
			children = (
				329668441FD81A2800746355 /* pitchperfect.app */,
				329668581FD81A2800746355 /* pitchperfectTests.xctest */,
				329668631FD81A2800746355 /* pitchperfectUITests.xctest */,
			);
			name = Products;
			sourceTree = "<group>";
		};
		329668461FD81A2800746355 /* pitchperfect */ = {
			isa = PBXGroup;
			children = (
				329668471FD81A2800746355 /* AppDelegate.swift */,
				329668491FD81A2800746355 /* RecordSoundsViewController.swift */,
				3296684B1FD81A2800746355 /* Main.storyboard */,
				3296684E1FD81A2800746355 /* Assets.xcassets */,
				329668501FD81A2800746355 /* LaunchScreen.storyboard */,
				329668531FD81A2800746355 /* Info.plist */,
				328409E01FDC096E007E55F8 /* PlaySoundsViewController.swift */,
				321305E81FDD625C004FCB48 /* playsoundsviewcontroller-audio.swift */,
			);
			path = pitchperfect;
			sourceTree = "<group>";
		};
		3296685B1FD81A2800746355 /* pitchperfectTests */ = {
			isa = PBXGroup;
			children = (
				3296685C1FD81A2800746355 /* pitchperfectTests.swift */,
				3296685E1FD81A2800746355 /* Info.plist */,
			);
			path = pitchperfectTests;
			sourceTree = "<group>";
		};
		329668661FD81A2800746355 /* pitchperfectUITests */ = {
			isa = PBXGroup;
			children = (
				329668671FD81A2800746355 /* pitchperfectUITests.swift */,
				329668691FD81A2800746355 /* Info.plist */,
			);
			path = pitchperfectUITests;
			sourceTree = "<group>";
		};
/* End PBXGroup section */

/* Begin PBXNativeTarget section */
		329668431FD81A2800746355 /* pitchperfect */ = {
			isa = PBXNativeTarget;
			buildConfigurationList = 3296686C1FD81A2800746355 /* Build configuration list for PBXNativeTarget "pitchperfect" */;
			buildPhases = (
				329668401FD81A2800746355 /* Sources */,
				329668411FD81A2800746355 /* Frameworks */,
				329668421FD81A2800746355 /* Resources */,
			);
			buildRules = (
			);
			dependencies = (
			);
			name = pitchperfect;
			productName = pitchperfect;
			productReference = 329668441FD81A2800746355 /* pitchperfect.app */;
			productType = "com.apple.product-type.application";
		};
		329668571FD81A2800746355 /* pitchperfectTests */ = {
			isa = PBXNativeTarget;
			buildConfigurationList = 3296686F1FD81A2800746355 /* Build configuration list for PBXNativeTarget "pitchperfectTests" */;
			buildPhases = (
				329668541FD81A2800746355 /* Sources */,
				329668551FD81A2800746355 /* Frameworks */,
				329668561FD81A2800746355 /* Resources */,
			);
			buildRules = (
			);
			dependencies = (
				3296685A1FD81A2800746355 /* PBXTargetDependency */,
			);
			name = pitchperfectTests;
			productName = pitchperfectTests;
			productReference = 329668581FD81A2800746355 /* pitchperfectTests.xctest */;
			productType = "com.apple.product-type.bundle.unit-test";
		};
		329668621FD81A2800746355 /* pitchperfectUITests */ = {
			isa = PBXNativeTarget;
			buildConfigurationList = 329668721FD81A2800746355 /* Build configuration list for PBXNativeTarget "pitchperfectUITests" */;
			buildPhases = (
				3296685F1FD81A2800746355 /* Sources */,
				329668601FD81A2800746355 /* Frameworks */,
				329668611FD81A2800746355 /* Resources */,
			);
			buildRules = (
			);
			dependencies = (
				329668651FD81A2800746355 /* PBXTargetDependency */,
			);
			name = pitchperfectUITests;
			productName = pitchperfectUITests;
			productReference = 329668631FD81A2800746355 /* pitchperfectUITests.xctest */;
			productType = "com.apple.product-type.bundle.ui-testing";
		};
/* End PBXNativeTarget section */

/* Begin PBXProject section */
		3296683C1FD81A2800746355 /* Project object */ = {
			isa = PBXProject;
			attributes = {
				LastSwiftUpdateCheck = 0910;
				LastUpgradeCheck = 0910;
				ORGANIZATIONNAME = Rajpreet;
				TargetAttributes = {
					329668431FD81A2800746355 = {
						CreatedOnToolsVersion = 9.1;
						ProvisioningStyle = Automatic;
					};
					329668571FD81A2800746355 = {
						CreatedOnToolsVersion = 9.1;
						ProvisioningStyle = Automatic;
						TestTargetID = 329668431FD81A2800746355;
					};
					329668621FD81A2800746355 = {
						CreatedOnToolsVersion = 9.1;
						ProvisioningStyle = Automatic;
						TestTargetID = 329668431FD81A2800746355;
					};
				};
			};
			buildConfigurationList = 3296683F1FD81A2800746355 /* Build configuration list for PBXProject "pitchperfect" */;
			compatibilityVersion = "Xcode 8.0";
			developmentRegion = en;
			hasScannedForEncodings = 0;
			knownRegions = (
				en,
				Base,
			);
			mainGroup = 3296683B1FD81A2800746355;
			productRefGroup = 329668451FD81A2800746355 /* Products */;
			projectDirPath = "";
			projectRoot = "";
			targets = (
				329668431FD81A2800746355 /* pitchperfect */,
				329668571FD81A2800746355 /* pitchperfectTests */,
				329668621FD81A2800746355 /* pitchperfectUITests */,
			);
		};
/* End PBXProject section */

/* Begin PBXResourcesBuildPhase section */
		329668421FD81A2800746355 /* Resources */ = {
			isa = PBXResourcesBuildPhase;
			buildActionMask = 2147483647;
			files = (
				329668521FD81A2800746355 /* LaunchScreen.storyboard in Resources */,
				3296684F1FD81A2800746355 /* Assets.xcassets in Resources */,
				3296684D1FD81A2800746355 /* Main.storyboard in Resources */,
			);
			runOnlyForDeploymentPostprocessing = 0;
		};
		329668561FD81A2800746355 /* Resources */ = {
			isa = PBXResourcesBuildPhase;
			buildActionMask = 2147483647;
			files = (
			);
			runOnlyForDeploymentPostprocessing = 0;
		};
		329668611FD81A2800746355 /* Resources */ = {
			isa = PBXResourcesBuildPhase;
			buildActionMask = 2147483647;
			files = (
			);
			runOnlyForDeploymentPostprocessing = 0;
		};
/* End PBXResourcesBuildPhase section */

/* Begin PBXSourcesBuildPhase section */
		329668401FD81A2800746355 /* Sources */ = {
			isa = PBXSourcesBuildPhase;
			buildActionMask = 2147483647;
			files = (
				3296684A1FD81A2800746355 /* RecordSoundsViewController.swift in Sources */,
				328409E11FDC096E007E55F8 /* PlaySoundsViewController.swift in Sources */,
				329668481FD81A2800746355 /* AppDelegate.swift in Sources */,
				321305E91FDD625C004FCB48 /* playsoundsviewcontroller-audio.swift in Sources */,
			);
			runOnlyForDeploymentPostprocessing = 0;
		};
		329668541FD81A2800746355 /* Sources */ = {
			isa = PBXSourcesBuildPhase;
			buildActionMask = 2147483647;
			files = (
				3296685D1FD81A2800746355 /* pitchperfectTests.swift in Sources */,
			);
			runOnlyForDeploymentPostprocessing = 0;
		};
		3296685F1FD81A2800746355 /* Sources */ = {
			isa = PBXSourcesBuildPhase;
			buildActionMask = 2147483647;
			files = (
				329668681FD81A2800746355 /* pitchperfectUITests.swift in Sources */,
			);
			runOnlyForDeploymentPostprocessing = 0;
		};
/* End PBXSourcesBuildPhase section */

/* Begin PBXTargetDependency section */
		3296685A1FD81A2800746355 /* PBXTargetDependency */ = {
			isa = PBXTargetDependency;
			target = 329668431FD81A2800746355 /* pitchperfect */;
			targetProxy = 329668591FD81A2800746355 /* PBXContainerItemProxy */;
		};
		329668651FD81A2800746355 /* PBXTargetDependency */ = {
			isa = PBXTargetDependency;
			target = 329668431FD81A2800746355 /* pitchperfect */;
			targetProxy = 329668641FD81A2800746355 /* PBXContainerItemProxy */;
		};
/* End PBXTargetDependency section */

/* Begin PBXVariantGroup section */
		3296684B1FD81A2800746355 /* Main.storyboard */ = {
			isa = PBXVariantGroup;
			children = (
				3296684C1FD81A2800746355 /* Base */,
			);
			name = Main.storyboard;
			sourceTree = "<group>";
		};
		329668501FD81A2800746355 /* LaunchScreen.storyboard */ = {
			isa = PBXVariantGroup;
			children = (
				329668511FD81A2800746355 /* Base */,
			);
			name = LaunchScreen.storyboard;
			sourceTree = "<group>";
		};
/* End PBXVariantGroup section */

/* Begin XCBuildConfiguration section */
		3296686A1FD81A2800746355 /* Debug */ = {
			isa = XCBuildConfiguration;
			buildSettings = {
				ALWAYS_SEARCH_USER_PATHS = NO;
				CLANG_ANALYZER_NONNULL = YES;
				CLANG_ANALYZER_NUMBER_OBJECT_CONVERSION = YES_AGGRESSIVE;
				CLANG_CXX_LANGUAGE_STANDARD = "gnu++14";
				CLANG_CXX_LIBRARY = "libc++";
				CLANG_ENABLE_MODULES = YES;
				CLANG_ENABLE_OBJC_ARC = YES;
				CLANG_WARN_BLOCK_CAPTURE_AUTORELEASING = YES;
				CLANG_WARN_BOOL_CONVERSION = YES;
				CLANG_WARN_COMMA = YES;
				CLANG_WARN_CONSTANT_CONVERSION = YES;
				CLANG_WARN_DIRECT_OBJC_ISA_USAGE = YES_ERROR;
				CLANG_WARN_DOCUMENTATION_COMMENTS = YES;
				CLANG_WARN_EMPTY_BODY = YES;
				CLANG_WARN_ENUM_CONVERSION = YES;
				CLANG_WARN_INFINITE_RECURSION = YES;
				CLANG_WARN_INT_CONVERSION = YES;
				CLANG_WARN_NON_LITERAL_NULL_CONVERSION = YES;
				CLANG_WARN_OBJC_LITERAL_CONVERSION = YES;
				CLANG_WARN_OBJC_ROOT_CLASS = YES_ERROR;
				CLANG_WARN_RANGE_LOOP_ANALYSIS = YES;
				CLANG_WARN_STRICT_PROTOTYPES = YES;
				CLANG_WARN_SUSPICIOUS_MOVE = YES;
				CLANG_WARN_UNGUARDED_AVAILABILITY = YES_AGGRESSIVE;
				CLANG_WARN_UNREACHABLE_CODE = YES;
				CLANG_WARN__DUPLICATE_METHOD_MATCH = YES;
				CODE_SIGN_IDENTITY = "iPhone Developer";
				COPY_PHASE_STRIP = NO;
				DEBUG_INFORMATION_FORMAT = dwarf;
				ENABLE_STRICT_OBJC_MSGSEND = YES;
				ENABLE_TESTABILITY = YES;
				GCC_C_LANGUAGE_STANDARD = gnu11;
				GCC_DYNAMIC_NO_PIC = NO;
				GCC_NO_COMMON_BLOCKS = YES;
				GCC_OPTIMIZATION_LEVEL = 0;
				GCC_PREPROCESSOR_DEFINITIONS = (
					"DEBUG=1",
					"$(inherited)",
				);
				GCC_WARN_64_TO_32_BIT_CONVERSION = YES;
				GCC_WARN_ABOUT_RETURN_TYPE = YES_ERROR;
				GCC_WARN_UNDECLARED_SELECTOR = YES;
				GCC_WARN_UNINITIALIZED_AUTOS = YES_AGGRESSIVE;
				GCC_WARN_UNUSED_FUNCTION = YES;
				GCC_WARN_UNUSED_VARIABLE = YES;
				IPHONEOS_DEPLOYMENT_TARGET = 11.1;
				MTL_ENABLE_DEBUG_INFO = YES;
				ONLY_ACTIVE_ARCH = YES;
				SDKROOT = iphoneos;
				SWIFT_ACTIVE_COMPILATION_CONDITIONS = DEBUG;
				SWIFT_OPTIMIZATION_LEVEL = "-Onone";
			};
			name = Debug;
		};
		3296686B1FD81A2800746355 /* Release */ = {
			isa = XCBuildConfiguration;
			buildSettings = {
				ALWAYS_SEARCH_USER_PATHS = NO;
				CLANG_ANALYZER_NONNULL = YES;
				CLANG_ANALYZER_NUMBER_OBJECT_CONVERSION = YES_AGGRESSIVE;
				CLANG_CXX_LANGUAGE_STANDARD = "gnu++14";
				CLANG_CXX_LIBRARY = "libc++";
				CLANG_ENABLE_MODULES = YES;
				CLANG_ENABLE_OBJC_ARC = YES;
				CLANG_WARN_BLOCK_CAPTURE_AUTORELEASING = YES;
				CLANG_WARN_BOOL_CONVERSION = YES;
				CLANG_WARN_COMMA = YES;
				CLANG_WARN_CONSTANT_CONVERSION = YES;
				CLANG_WARN_DIRECT_OBJC_ISA_USAGE = YES_ERROR;
				CLANG_WARN_DOCUMENTATION_COMMENTS = YES;
				CLANG_WARN_EMPTY_BODY = YES;
				CLANG_WARN_ENUM_CONVERSION = YES;
				CLANG_WARN_INFINITE_RECURSION = YES;
				CLANG_WARN_INT_CONVERSION = YES;
				CLANG_WARN_NON_LITERAL_NULL_CONVERSION = YES;
				CLANG_WARN_OBJC_LITERAL_CONVERSION = YES;
				CLANG_WARN_OBJC_ROOT_CLASS = YES_ERROR;
				CLANG_WARN_RANGE_LOOP_ANALYSIS = YES;
				CLANG_WARN_STRICT_PROTOTYPES = YES;
				CLANG_WARN_SUSPICIOUS_MOVE = YES;
				CLANG_WARN_UNGUARDED_AVAILABILITY = YES_AGGRESSIVE;
				CLANG_WARN_UNREACHABLE_CODE = YES;
				CLANG_WARN__DUPLICATE_METHOD_MATCH = YES;
				CODE_SIGN_IDENTITY = "iPhone Developer";
				COPY_PHASE_STRIP = NO;
				DEBUG_INFORMATION_FORMAT = "dwarf-with-dsym";
				ENABLE_NS_ASSERTIONS = NO;
				ENABLE_STRICT_OBJC_MSGSEND = YES;
				GCC_C_LANGUAGE_STANDARD = gnu11;
				GCC_NO_COMMON_BLOCKS = YES;
				GCC_WARN_64_TO_32_BIT_CONVERSION = YES;
				GCC_WARN_ABOUT_RETURN_TYPE = YES_ERROR;
				GCC_WARN_UNDECLARED_SELECTOR = YES;
				GCC_WARN_UNINITIALIZED_AUTOS = YES_AGGRESSIVE;
				GCC_WARN_UNUSED_FUNCTION = YES;
				GCC_WARN_UNUSED_VARIABLE = YES;
				IPHONEOS_DEPLOYMENT_TARGET = 11.1;
				MTL_ENABLE_DEBUG_INFO = NO;
				SDKROOT = iphoneos;
				SWIFT_OPTIMIZATION_LEVEL = "-Owholemodule";
				VALIDATE_PRODUCT = YES;
			};
			name = Release;
		};
		3296686D1FD81A2800746355 /* Debug */ = {
			isa = XCBuildConfiguration;
			buildSettings = {
				ASSETCATALOG_COMPILER_APPICON_NAME = AppIcon;
				CODE_SIGN_STYLE = Automatic;
				DEVELOPMENT_TEAM = XUGG64T5F3;
				INFOPLIST_FILE = pitchperfect/Info.plist;
				LD_RUNPATH_SEARCH_PATHS = "$(inherited) @executable_path/Frameworks";
				PRODUCT_BUNDLE_IDENTIFIER = RAJ.pitchperfect;
				PRODUCT_NAME = "$(TARGET_NAME)";
				SWIFT_VERSION = 4.0;
				TARGETED_DEVICE_FAMILY = "1,2";
			};
			name = Debug;
		};
		3296686E1FD81A2800746355 /* Release */ = {
			isa = XCBuildConfiguration;
			buildSettings = {
				ASSETCATALOG_COMPILER_APPICON_NAME = AppIcon;
				CODE_SIGN_STYLE = Automatic;
				DEVELOPMENT_TEAM = XUGG64T5F3;
				INFOPLIST_FILE = pitchperfect/Info.plist;
				LD_RUNPATH_SEARCH_PATHS = "$(inherited) @executable_path/Frameworks";
				PRODUCT_BUNDLE_IDENTIFIER = RAJ.pitchperfect;
				PRODUCT_NAME = "$(TARGET_NAME)";
				SWIFT_VERSION = 4.0;
				TARGETED_DEVICE_FAMILY = "1,2";
			};
			name = Release;
		};
		329668701FD81A2800746355 /* Debug */ = {
			isa = XCBuildConfiguration;
			buildSettings = {
				ALWAYS_EMBED_SWIFT_STANDARD_LIBRARIES = YES;
				BUNDLE_LOADER = "$(TEST_HOST)";
				CODE_SIGN_STYLE = Automatic;
				DEVELOPMENT_TEAM = XUGG64T5F3;
				INFOPLIST_FILE = pitchperfectTests/Info.plist;
				LD_RUNPATH_SEARCH_PATHS = "$(inherited) @executable_path/Frameworks @loader_path/Frameworks";
				PRODUCT_BUNDLE_IDENTIFIER = RAJ.pitchperfectTests;
				PRODUCT_NAME = "$(TARGET_NAME)";
				SWIFT_VERSION = 4.0;
				TARGETED_DEVICE_FAMILY = "1,2";
				TEST_HOST = "$(BUILT_PRODUCTS_DIR)/pitchperfect.app/pitchperfect";
			};
			name = Debug;
		};
		329668711FD81A2800746355 /* Release */ = {
			isa = XCBuildConfiguration;
			buildSettings = {
				ALWAYS_EMBED_SWIFT_STANDARD_LIBRARIES = YES;
				BUNDLE_LOADER = "$(TEST_HOST)";
				CODE_SIGN_STYLE = Automatic;
				DEVELOPMENT_TEAM = XUGG64T5F3;
				INFOPLIST_FILE = pitchperfectTests/Info.plist;
				LD_RUNPATH_SEARCH_PATHS = "$(inherited) @executable_path/Frameworks @loader_path/Frameworks";
				PRODUCT_BUNDLE_IDENTIFIER = RAJ.pitchperfectTests;
				PRODUCT_NAME = "$(TARGET_NAME)";
				SWIFT_VERSION = 4.0;
				TARGETED_DEVICE_FAMILY = "1,2";
				TEST_HOST = "$(BUILT_PRODUCTS_DIR)/pitchperfect.app/pitchperfect";
			};
			name = Release;
		};
		329668731FD81A2800746355 /* Debug */ = {
			isa = XCBuildConfiguration;
			buildSettings = {
				ALWAYS_EMBED_SWIFT_STANDARD_LIBRARIES = YES;
				CODE_SIGN_STYLE = Automatic;
				DEVELOPMENT_TEAM = XUGG64T5F3;
				INFOPLIST_FILE = pitchperfectUITests/Info.plist;
				LD_RUNPATH_SEARCH_PATHS = "$(inherited) @executable_path/Frameworks @loader_path/Frameworks";
				PRODUCT_BUNDLE_IDENTIFIER = RAJ.pitchperfectUITests;
				PRODUCT_NAME = "$(TARGET_NAME)";
				SWIFT_VERSION = 4.0;
				TARGETED_DEVICE_FAMILY = "1,2";
				TEST_TARGET_NAME = pitchperfect;
			};
			name = Debug;
		};
		329668741FD81A2800746355 /* Release */ = {
			isa = XCBuildConfiguration;
			buildSettings = {
				ALWAYS_EMBED_SWIFT_STANDARD_LIBRARIES = YES;
				CODE_SIGN_STYLE = Automatic;
				DEVELOPMENT_TEAM = XUGG64T5F3;
				INFOPLIST_FILE = pitchperfectUITests/Info.plist;
				LD_RUNPATH_SEARCH_PATHS = "$(inherited) @executable_path/Frameworks @loader_path/Frameworks";
				PRODUCT_BUNDLE_IDENTIFIER = RAJ.pitchperfectUITests;
				PRODUCT_NAME = "$(TARGET_NAME)";
				SWIFT_VERSION = 4.0;
				TARGETED_DEVICE_FAMILY = "1,2";
				TEST_TARGET_NAME = pitchperfect;
			};
			name = Release;
		};
/* End XCBuildConfiguration section */

/* Begin XCConfigurationList section */
		3296683F1FD81A2800746355 /* Build configuration list for PBXProject "pitchperfect" */ = {
			isa = XCConfigurationList;
			buildConfigurations = (
				3296686A1FD81A2800746355 /* Debug */,
				3296686B1FD81A2800746355 /* Release */,
			);
			defaultConfigurationIsVisible = 0;
			defaultConfigurationName = Release;
		};
		3296686C1FD81A2800746355 /* Build configuration list for PBXNativeTarget "pitchperfect" */ = {
			isa = XCConfigurationList;
			buildConfigurations = (
				3296686D1FD81A2800746355 /* Debug */,
				3296686E1FD81A2800746355 /* Release */,
			);
			defaultConfigurationIsVisible = 0;
			defaultConfigurationName = Release;
		};
		3296686F1FD81A2800746355 /* Build configuration list for PBXNativeTarget "pitchperfectTests" */ = {
			isa = XCConfigurationList;
			buildConfigurations = (
				329668701FD81A2800746355 /* Debug */,
				329668711FD81A2800746355 /* Release */,
			);
			defaultConfigurationIsVisible = 0;
			defaultConfigurationName = Release;
		};
		329668721FD81A2800746355 /* Build configuration list for PBXNativeTarget "pitchperfectUITests" */ = {
			isa = XCConfigurationList;
			buildConfigurations = (
				329668731FD81A2800746355 /* Debug */,
				329668741FD81A2800746355 /* Release */,
			);
			defaultConfigurationIsVisible = 0;
			defaultConfigurationName = Release;
		};
/* End XCConfigurationList section */
	};
	rootObject = 3296683C1FD81A2800746355 /* Project object */;
}
